<?xml version="1.0" encoding="utf-8"?>
<Project ToolsVersion="4.0" xmlns="http://schemas.microsoft.com/developer/msbuild/2003">
  <ItemGroup>
    <ClCompile Include="AniBrick.cpp" />
    <ClCompile Include="Animations.cpp" />
    <ClCompile Include="Bomb.cpp" />
    <ClCompile Include="BombItem.cpp" />
    <ClCompile Include="Brick.cpp" />
    <ClCompile Include="Camera.cpp" />
    <ClCompile Include="Cannon.cpp" />
    <ClCompile Include="CannonBall.cpp" />
    <ClCompile Include="Die.cpp" />
    <ClCompile Include="Effect.cpp" />
    <ClCompile Include="Electrode.cpp" />
    <ClCompile Include="Enemy.cpp" />
    <ClCompile Include="Event.cpp" />
    <ClCompile Include="Fireball.cpp" />
    <ClCompile Include="Game.cpp" />
    <ClCompile Include="GameObject.cpp" />
    <ClCompile Include="Gimmick.cpp" />
    <ClCompile Include="HiddenObject.cpp" />
    <ClCompile Include="HUD.cpp" />
    <ClCompile Include="Intro.cpp" />
    <ClCompile Include="Item.cpp" />
    <ClCompile Include="KeyEventHandler.cpp" />
    <ClCompile Include="KingElectrode.cpp" />
    <ClCompile Include="LoadingStar.cpp" />
    <ClCompile Include="main.cpp" />
    <ClCompile Include="Map.cpp" />
    <ClCompile Include="Medicine.cpp" />
    <ClCompile Include="MiniBomb.cpp" />
    <ClCompile Include="MovingBrick.cpp" />
    <ClCompile Include="NarrowSpot.cpp" />
    <ClCompile Include="Pipes.cpp" />
    <ClCompile Include="PlayScene.cpp" />
    <ClCompile Include="Portal.cpp" />
    <ClCompile Include="QuadTree.cpp" />
    <ClCompile Include="RenderImage.cpp" />
    <ClCompile Include="Scene.cpp" />
    <ClCompile Include="ScrollBar.cpp" />
    <ClCompile Include="Slide.cpp" />
    <ClCompile Include="Sound.cpp" />
    <ClCompile Include="Sprites.cpp" />
    <ClCompile Include="Star.cpp" />
    <ClCompile Include="Textures.cpp" />
    <ClCompile Include="tinyxmlparser.cpp" />
    <ClCompile Include="tinyxml.cpp" />
    <ClCompile Include="tinyxmlerror.cpp" />
    <ClCompile Include="tinystr.cpp" />
    <ClCompile Include="Treasures.cpp" />
    <ClCompile Include="Utils.cpp" />
    <ClCompile Include="Water.cpp" />
    <ClCompile Include="Clody.cpp" />
    <ClCompile Include="Worm.cpp" />
  </ItemGroup>
  <ItemGroup>
    <ClInclude Include="AniBrick.h" />
    <ClInclude Include="Animations.h" />
    <ClInclude Include="Bomb.h" />
    <ClInclude Include="BombItem.h" />
    <ClInclude Include="Brick.h" />
    <ClInclude Include="Camera.h" />
    <ClInclude Include="Cannon.h" />
    <ClInclude Include="CannonBall.h" />
    <ClInclude Include="Define.h" />
    <ClInclude Include="Die.h" />
    <ClInclude Include="Effect.h" />
    <ClInclude Include="Electrode.h" />
    <ClInclude Include="Enemy.h" />
    <ClInclude Include="Event.h" />
    <ClInclude Include="Fireball.h" />
    <ClInclude Include="Game.h" />
    <ClInclude Include="GameObject.h" />
    <ClInclude Include="Gimmick.h" />
    <ClInclude Include="HiddenObject.h" />
    <ClInclude Include="HUD.h" />
    <ClInclude Include="Intro.h" />
    <ClInclude Include="Item.h" />
    <ClInclude Include="KeyEventHandler.h" />
    <ClInclude Include="KingElectrode.h" />
    <ClInclude Include="LoadingStar.h" />
    <ClInclude Include="Map.h" />
    <ClInclude Include="Medicine.h" />
    <ClInclude Include="MiniBomb.h" />
    <ClInclude Include="MovingBrick.h" />
    <ClInclude Include="NarrowSpot.h" />
    <ClInclude Include="Pipes.h" />
    <ClInclude Include="PlayScene.h" />
    <ClInclude Include="Portal.h" />
    <ClInclude Include="QuadTree.h" />
    <ClInclude Include="RenderImage.h" />
    <ClInclude Include="Scene.h" />
    <ClInclude Include="ScrollBar.h" />
    <ClInclude Include="Slide.h" />
    <ClInclude Include="Sound.h" />
    <ClInclude Include="Sprites.h" />
    <ClInclude Include="Star.h" />
    <ClInclude Include="Textures.h" />
    <ClInclude Include="tinyxml.h" />
    <ClInclude Include="tinystr.h" />
    <ClInclude Include="Treasures.h" />
    <ClInclude Include="Utils.h" />
    <ClInclude Include="Water.h" />
    <ClInclude Include="Clody.h" />
    <ClInclude Include="Worm.h" />
  </ItemGroup>
  <ItemGroup>
    <Filter Include="FrameWork">
      <UniqueIdentifier>{2c2977de-3407-4028-bdcc-308bb57027e2}</UniqueIdentifier>
    </Filter>
    <Filter Include="Object">
      <UniqueIdentifier>{39db8b6d-72b5-45c0-bea5-4daf708f006f}</UniqueIdentifier>
    </Filter>
  </ItemGroup>
</Project>